Microsoft Visual Studio Solution File, Format Version 12.00
# Visual Studio Version 17
VisualStudioVersion = 17.5.2.0
MinimumVisualStudioVersion = 10.0.40219.1
Project("{FAE04EC0-301F-11D3-BF4B-00C04F79EFBC}") = "Crystal Growth Monitor", "Crystal Growth Monitor.csproj", "{1EEB28F4-B267-7F50-A5D8-9590D15F60FC}"
EndProject
Global
	GlobalSection(SolutionConfigurationPlatforms) = preSolution
		Debug|Any CPU = Debug|Any CPU
		Release|Any CPU = Release|Any CPU
	EndGlobalSection
	GlobalSection(ProjectConfigurationPlatforms) = postSolution
		{1EEB28F4-B267-7F50-A5D8-9590D15F60FC}.Debug|Any CPU.ActiveCfg = Debug|Any CPU
		{1EEB28F4-B267-7F50-A5D8-9590D15F60FC}.Debug|Any CPU.Build.0 = Debug|Any CPU
		{1EEB28F4-B267-7F50-A5D8-9590D15F60FC}.Release|Any CPU.ActiveCfg = Release|Any CPU
		{1EEB28F4-B267-7F50-A5D8-9590D15F60FC}.Release|Any CPU.Build.0 = Release|Any CPU
	EndGlobalSection
	GlobalSection(SolutionProperties) = preSolution
		HideSolutionNode = FALSE
	EndGlobalSection
	GlobalSection(ExtensibilityGlobals) = postSolution
		SolutionGuid = {272C7D57-4771-4646-A43B-23DE7F373CC5}
	EndGlobalSection
EndGlobal
